
Microsoft Visual Studio Solution File, Format Version 12.00
# Visual Studio Version 16
VisualStudioVersion = 16.0.31105.61
MinimumVisualStudioVersion = 10.0.40219.1
Project("{9A19103F-16F7-4668-BE54-9A1E7A4F7556}") = "Loader", "Loader\Loader.csproj", "{0744648F-57FF-41AB-B6DE-0BA3E8A57A7F}"
EndProject
Project("{2150E333-8FDC-42A3-9474-1A3956D46DE8}") = "ServerConfigFiles", "ServerConfigFiles", "{D05FBD6F-2122-4AFD-AC34-E37028F6444B}"
	ProjectSection(SolutionItems) = preProject
		..\Config\localhost.ds3osconfig = ..\Config\localhost.ds3osconfig
		..\Config\retail.ds3osconfig = ..\Config\retail.ds3osconfig
	EndProjectSection
EndProject
Project("{8BC9CEB8-8B4A-11D0-8D11-00A0C91BC942}") = "Server", "Server\Server.vcxproj", "{7DC0D5D3-2B30-4F1A-8EFF-54432296BCA4}"
EndProject
Project("{2150E333-8FDC-42A3-9474-1A3956D46DE8}") = "ThirdParty", "ThirdParty", "{E09623AD-DC36-4187-A1B0-05B24CED8294}"
EndProject
Project("{8BC9CEB8-8B4A-11D0-8D11-00A0C91BC942}") = "libprotobuf-lite", "ThirdParty\protobuf-2.6.1rc1\vsprojects\libprotobuf-lite.vcxproj", "{49EA010D-706F-4BE2-A397-77854B72A040}"
EndProject
Project("{8BC9CEB8-8B4A-11D0-8D11-00A0C91BC942}") = "aes_modes", "ThirdParty\aes_modes\aes_modes.vcxproj", "{C52E07D5-7560-4B7A-8365-BE3F6AE4EECB}"
EndProject
Project("{8BC9CEB8-8B4A-11D0-8D11-00A0C91BC942}") = "lib_generic_c", "ThirdParty\aes\lib_generic_c\lib_generic_c.vcxproj", "{1B43E5F7-D447-4FCF-AC9B-4767AB47DB8B}"
EndProject
Project("{8BC9CEB8-8B4A-11D0-8D11-00A0C91BC942}") = "zlib", "ThirdParty\zlib\zlib.vcxproj", "{CF5B60DB-4966-40C6-B777-1B9FDF965296}"
EndProject
Global
	GlobalSection(SolutionConfigurationPlatforms) = preSolution
		Debug|x64 = Debug|x64
		Debug|x86 = Debug|x86
		Release|x64 = Release|x64
		Release|x86 = Release|x86
	EndGlobalSection
	GlobalSection(ProjectConfigurationPlatforms) = postSolution
		{0744648F-57FF-41AB-B6DE-0BA3E8A57A7F}.Debug|x64.ActiveCfg = Debug|Any CPU
		{0744648F-57FF-41AB-B6DE-0BA3E8A57A7F}.Debug|x64.Build.0 = Debug|Any CPU
		{0744648F-57FF-41AB-B6DE-0BA3E8A57A7F}.Debug|x86.ActiveCfg = Debug|Any CPU
		{0744648F-57FF-41AB-B6DE-0BA3E8A57A7F}.Debug|x86.Build.0 = Debug|Any CPU
		{0744648F-57FF-41AB-B6DE-0BA3E8A57A7F}.Release|x64.ActiveCfg = Release|Any CPU
		{0744648F-57FF-41AB-B6DE-0BA3E8A57A7F}.Release|x64.Build.0 = Release|Any CPU
		{0744648F-57FF-41AB-B6DE-0BA3E8A57A7F}.Release|x86.ActiveCfg = Release|Any CPU
		{0744648F-57FF-41AB-B6DE-0BA3E8A57A7F}.Release|x86.Build.0 = Release|Any CPU
		{7DC0D5D3-2B30-4F1A-8EFF-54432296BCA4}.Debug|x64.ActiveCfg = Debug|x64
		{7DC0D5D3-2B30-4F1A-8EFF-54432296BCA4}.Debug|x64.Build.0 = Debug|x64
		{7DC0D5D3-2B30-4F1A-8EFF-54432296BCA4}.Debug|x86.ActiveCfg = Debug|x64
		{7DC0D5D3-2B30-4F1A-8EFF-54432296BCA4}.Release|x64.ActiveCfg = Release|x64
		{7DC0D5D3-2B30-4F1A-8EFF-54432296BCA4}.Release|x64.Build.0 = Release|x64
		{7DC0D5D3-2B30-4F1A-8EFF-54432296BCA4}.Release|x86.ActiveCfg = Release|x64
		{49EA010D-706F-4BE2-A397-77854B72A040}.Debug|x64.ActiveCfg = Debug|x64
		{49EA010D-706F-4BE2-A397-77854B72A040}.Debug|x64.Build.0 = Debug|x64
		{49EA010D-706F-4BE2-A397-77854B72A040}.Debug|x86.ActiveCfg = Debug|Win32
		{49EA010D-706F-4BE2-A397-77854B72A040}.Debug|x86.Build.0 = Debug|Win32
		{49EA010D-706F-4BE2-A397-77854B72A040}.Release|x64.ActiveCfg = Release|Win32
		{49EA010D-706F-4BE2-A397-77854B72A040}.Release|x86.ActiveCfg = Release|Win32
		{49EA010D-706F-4BE2-A397-77854B72A040}.Release|x86.Build.0 = Release|Win32
		{C52E07D5-7560-4B7A-8365-BE3F6AE4EECB}.Debug|x64.ActiveCfg = Debug|x64
		{C52E07D5-7560-4B7A-8365-BE3F6AE4EECB}.Debug|x64.Build.0 = Debug|x64
		{C52E07D5-7560-4B7A-8365-BE3F6AE4EECB}.Debug|x86.ActiveCfg = Debug|Win32
		{C52E07D5-7560-4B7A-8365-BE3F6AE4EECB}.Debug|x86.Build.0 = Debug|Win32
		{C52E07D5-7560-4B7A-8365-BE3F6AE4EECB}.Release|x64.ActiveCfg = Release|x64
		{C52E07D5-7560-4B7A-8365-BE3F6AE4EECB}.Release|x64.Build.0 = Release|x64
		{C52E07D5-7560-4B7A-8365-BE3F6AE4EECB}.Release|x86.ActiveCfg = Release|Win32
		{C52E07D5-7560-4B7A-8365-BE3F6AE4EECB}.Release|x86.Build.0 = Release|Win32
		{1B43E5F7-D447-4FCF-AC9B-4767AB47DB8B}.Debug|x64.ActiveCfg = Debug|x64
		{1B43E5F7-D447-4FCF-AC9B-4767AB47DB8B}.Debug|x64.Build.0 = Debug|x64
		{1B43E5F7-D447-4FCF-AC9B-4767AB47DB8B}.Debug|x86.ActiveCfg = Debug|Win32
		{1B43E5F7-D447-4FCF-AC9B-4767AB47DB8B}.Debug|x86.Build.0 = Debug|Win32
		{1B43E5F7-D447-4FCF-AC9B-4767AB47DB8B}.Release|x64.ActiveCfg = Release|x64
		{1B43E5F7-D447-4FCF-AC9B-4767AB47DB8B}.Release|x64.Build.0 = Release|x64
		{1B43E5F7-D447-4FCF-AC9B-4767AB47DB8B}.Release|x86.ActiveCfg = Release|Win32
		{1B43E5F7-D447-4FCF-AC9B-4767AB47DB8B}.Release|x86.Build.0 = Release|Win32
		{CF5B60DB-4966-40C6-B777-1B9FDF965296}.Debug|x64.ActiveCfg = Debug|x64
		{CF5B60DB-4966-40C6-B777-1B9FDF965296}.Debug|x64.Build.0 = Debug|x64
		{CF5B60DB-4966-40C6-B777-1B9FDF965296}.Debug|x86.ActiveCfg = Debug|Win32
		{CF5B60DB-4966-40C6-B777-1B9FDF965296}.Debug|x86.Build.0 = Debug|Win32
		{CF5B60DB-4966-40C6-B777-1B9FDF965296}.Release|x64.ActiveCfg = Release|x64
		{CF5B60DB-4966-40C6-B777-1B9FDF965296}.Release|x64.Build.0 = Release|x64
		{CF5B60DB-4966-40C6-B777-1B9FDF965296}.Release|x86.ActiveCfg = Release|Win32
		{CF5B60DB-4966-40C6-B777-1B9FDF965296}.Release|x86.Build.0 = Release|Win32
	EndGlobalSection
	GlobalSection(SolutionProperties) = preSolution
		HideSolutionNode = FALSE
	EndGlobalSection
	GlobalSection(NestedProjects) = preSolution
		{49EA010D-706F-4BE2-A397-77854B72A040} = {E09623AD-DC36-4187-A1B0-05B24CED8294}
		{C52E07D5-7560-4B7A-8365-BE3F6AE4EECB} = {E09623AD-DC36-4187-A1B0-05B24CED8294}
		{1B43E5F7-D447-4FCF-AC9B-4767AB47DB8B} = {E09623AD-DC36-4187-A1B0-05B24CED8294}
		{CF5B60DB-4966-40C6-B777-1B9FDF965296} = {E09623AD-DC36-4187-A1B0-05B24CED8294}
	EndGlobalSection
	GlobalSection(ExtensibilityGlobals) = postSolution
		SolutionGuid = {19CD1652-43B0-4E11-A1A4-A2D1A2D19477}
	EndGlobalSection
EndGlobal
