<?xml version="1.0" encoding="utf-8"?>
<Project ToolsVersion="4.0" xmlns="http://schemas.microsoft.com/developer/msbuild/2003">
  <ItemGroup>
    <Filter Include="Core">
      <UniqueIdentifier>{ca912937-c10c-4d86-9e02-4d818c0b2dd4}</UniqueIdentifier>
    </Filter>
    <Filter Include="Core\Network">
      <UniqueIdentifier>{399de498-5e6d-4267-ae01-c68635ee4b65}</UniqueIdentifier>
    </Filter>
    <Filter Include="Server">
      <UniqueIdentifier>{095c2c83-c8bb-4248-8810-4589ef955f08}</UniqueIdentifier>
    </Filter>
    <Filter Include="Platform">
      <UniqueIdentifier>{826dabc1-9c9e-4152-986e-cdded82c93ec}</UniqueIdentifier>
    </Filter>
    <Filter Include="Platform\Win32">
      <UniqueIdentifier>{1ffd69d6-b9e8-4c79-9247-e9726e8b0261}</UniqueIdentifier>
    </Filter>
    <Filter Include="Core\Utils">
      <UniqueIdentifier>{b00413cd-5e1e-4d03-acab-fa2432e95fb8}</UniqueIdentifier>
    </Filter>
    <Filter Include="Core\Crypto">
      <UniqueIdentifier>{d19a779f-ddc2-4002-9def-e70cf4e9a395}</UniqueIdentifier>
    </Filter>
    <Filter Include="Config">
      <UniqueIdentifier>{dc98e43a-b050-436d-893c-947c331a94e9}</UniqueIdentifier>
    </Filter>
    <Filter Include="Server\LoginService">
      <UniqueIdentifier>{0ec53e4b-1020-4d30-99bb-0dae1a61450f}</UniqueIdentifier>
    </Filter>
    <Filter Include="Server\AuthService">
      <UniqueIdentifier>{d008a333-47a5-4e27-8841-5d814396df06}</UniqueIdentifier>
    </Filter>
    <Filter Include="Server\GameService">
      <UniqueIdentifier>{d7917eac-952e-4a69-9941-c3ccfc3289ef}</UniqueIdentifier>
    </Filter>
    <Filter Include="Server\Streams">
      <UniqueIdentifier>{5ff7cd9d-218d-49ec-9e06-4ac1e14891a6}</UniqueIdentifier>
    </Filter>
    <Filter Include="Protobuf">
      <UniqueIdentifier>{c126690f-a736-4e1a-a7da-29fc33d42365}</UniqueIdentifier>
    </Filter>
    <Filter Include="Server\GameService\GameManagers">
      <UniqueIdentifier>{61aa88ad-9a08-485d-9be2-300135c80e45}</UniqueIdentifier>
    </Filter>
    <Filter Include="Server\GameService\GameManagers\PlayerData">
      <UniqueIdentifier>{45287f97-243f-466c-848c-3e2078480df8}</UniqueIdentifier>
    </Filter>
    <Filter Include="Server\GameService\GameManagers\Boot">
      <UniqueIdentifier>{bf360d9c-477d-4fcc-9804-af5b2e46d0f6}</UniqueIdentifier>
    </Filter>
    <Filter Include="Server\GameService\GameManagers\Logging">
      <UniqueIdentifier>{459c5433-61c5-4737-8b93-432055db31f0}</UniqueIdentifier>
    </Filter>
    <Filter Include="Server\GameService\GameManagers\BloodMessage">
      <UniqueIdentifier>{5df1e9ef-f2c7-47ff-90d7-b82f458c3750}</UniqueIdentifier>
    </Filter>
    <Filter Include="Server\GameService\Utils">
      <UniqueIdentifier>{2b02bc3a-41d7-4bfe-b371-e78fb2037f85}</UniqueIdentifier>
    </Filter>
    <Filter Include="Server\Database">
      <UniqueIdentifier>{c73e71a7-bdc3-4e5b-8b95-5776140a3f78}</UniqueIdentifier>
    </Filter>
    <Filter Include="Server\GameService\GameManagers\Bloodstain">
      <UniqueIdentifier>{a9f320c7-4d2c-4f27-9e07-8e5eea3cfb86}</UniqueIdentifier>
    </Filter>
    <Filter Include="Server\GameService\GameManagers\Signs">
      <UniqueIdentifier>{5960c79e-dab1-496f-ba83-8111df873efc}</UniqueIdentifier>
    </Filter>
    <Filter Include="Server\GameService\GameManagers\Ghosts">
      <UniqueIdentifier>{0cd08b36-f9c4-467a-8361-403f3c084f3d}</UniqueIdentifier>
    </Filter>
    <Filter Include="Server\GameService\GameManagers\Ranking">
      <UniqueIdentifier>{83ea9aa4-edfd-4242-86bc-4614b335197f}</UniqueIdentifier>
    </Filter>
    <Filter Include="Server\GameService\GameManagers\QuickMatch">
      <UniqueIdentifier>{c9e35c07-e1e7-4ee1-a68f-e75ffd610a95}</UniqueIdentifier>
    </Filter>
    <Filter Include="Server\GameService\GameManagers\BreakIn">
      <UniqueIdentifier>{8b90a78f-66db-49a2-bb22-edd9b47a3464}</UniqueIdentifier>
    </Filter>
    <Filter Include="Server\GameService\GameManagers\Visitor">
      <UniqueIdentifier>{9237e08f-1d35-4515-a278-6d193770a8a4}</UniqueIdentifier>
    </Filter>
    <Filter Include="Server\GameService\GameManagers\Mark">
      <UniqueIdentifier>{3f44fe2a-6d39-4867-8583-d70e883d4752}</UniqueIdentifier>
    </Filter>
    <Filter Include="Server\GameService\GameManagers\Misc">
      <UniqueIdentifier>{146bbd3b-10d0-4341-9bfc-21feda6115f4}</UniqueIdentifier>
    </Filter>
    <Filter Include="Server\GameService\Utils\Ids">
      <UniqueIdentifier>{50746881-e082-419d-b0ab-6c2ce3984450}</UniqueIdentifier>
    </Filter>
    <Filter Include="Resources">
      <UniqueIdentifier>{8342f788-f0cc-4d51-82ed-4e04ba562475}</UniqueIdentifier>
    </Filter>
    <Filter Include="Client">
      <UniqueIdentifier>{7e684113-b8bc-478f-8d1c-7dc01ed29a8f}</UniqueIdentifier>
    </Filter>
  </ItemGroup>
  <ItemGroup>
    <ClInclude Include="Server\Server.h">
      <Filter>Server</Filter>
    </ClInclude>
    <ClInclude Include="Platform\Platform.h">
      <Filter>Platform</Filter>
    </ClInclude>
    <ClInclude Include="Core\Utils\Event.h">
      <Filter>Core\Utils</Filter>
    </ClInclude>
    <ClInclude Include="Core\Utils\Logging.h">
      <Filter>Core\Utils</Filter>
    </ClInclude>
    <ClInclude Include="Core\Network\NetConnection.h">
      <Filter>Core\Network</Filter>
    </ClInclude>
    <ClInclude Include="Core\Network\NetConnectionTCP.h">
      <Filter>Core\Network</Filter>
    </ClInclude>
    <ClInclude Include="Core\Network\NetConnectionUDP.h">
      <Filter>Core\Network</Filter>
    </ClInclude>
    <ClInclude Include="Config\BuildConfig.h">
      <Filter>Config</Filter>
    </ClInclude>
    <ClInclude Include="Server\Service.h">
      <Filter>Server</Filter>
    </ClInclude>
    <ClInclude Include="Server\LoginService\LoginService.h">
      <Filter>Server\LoginService</Filter>
    </ClInclude>
    <ClInclude Include="Server\Streams\Frpg2MessageStream.h">
      <Filter>Server\Streams</Filter>
    </ClInclude>
    <ClInclude Include="Server\Streams\Frpg2PacketStream.h">
      <Filter>Server\Streams</Filter>
    </ClInclude>
    <ClInclude Include="Server\LoginService\LoginClient.h">
      <Filter>Server\LoginService</Filter>
    </ClInclude>
    <ClInclude Include="Server\Streams\Frpg2Packet.h">
      <Filter>Server\Streams</Filter>
    </ClInclude>
    <ClInclude Include="Core\Utils\Endian.h">
      <Filter>Core\Utils</Filter>
    </ClInclude>
    <ClInclude Include="Server\Streams\Frpg2Message.h">
      <Filter>Server\Streams</Filter>
    </ClInclude>
    <ClInclude Include="Core\Utils\File.h">
      <Filter>Core\Utils</Filter>
    </ClInclude>
    <ClInclude Include="Core\Crypto\RSAKeyPair.h">
      <Filter>Core\Crypto</Filter>
    </ClInclude>
    <ClInclude Include="Config\RuntimeConfig.h">
      <Filter>Config</Filter>
    </ClInclude>
    <ClInclude Include="Server\AuthService\AuthClient.h">
      <Filter>Server\AuthService</Filter>
    </ClInclude>
    <ClInclude Include="Server\AuthService\AuthService.h">
      <Filter>Server\AuthService</Filter>
    </ClInclude>
    <ClInclude Include="Core\Crypto\Cipher.h">
      <Filter>Core\Crypto</Filter>
    </ClInclude>
    <ClInclude Include="Core\Crypto\RSACipher.h">
      <Filter>Core\Crypto</Filter>
    </ClInclude>
    <ClInclude Include="Core\Crypto\CWCCipher.h">
      <Filter>Core\Crypto</Filter>
    </ClInclude>
    <ClInclude Include="Core\Utils\Random.h">
      <Filter>Core\Utils</Filter>
    </ClInclude>
    <ClInclude Include="Server\GameService\GameClient.h">
      <Filter>Server\GameService</Filter>
    </ClInclude>
    <ClInclude Include="Server\GameService\GameService.h">
      <Filter>Server\GameService</Filter>
    </ClInclude>
    <ClInclude Include="Server\Streams\Frpg2UdpPacket.h">
      <Filter>Server\Streams</Filter>
    </ClInclude>
    <ClInclude Include="Server\Streams\Frpg2UdpPacketStream.h">
      <Filter>Server\Streams</Filter>
    </ClInclude>
    <ClInclude Include="Core\Utils\Strings.h">
      <Filter>Core\Utils</Filter>
    </ClInclude>
    <ClInclude Include="Server\Streams\Frpg2ReliableUdpPacket.h">
      <Filter>Server\Streams</Filter>
    </ClInclude>
    <ClInclude Include="Server\Streams\Frpg2ReliableUdpPacketStream.h">
      <Filter>Server\Streams</Filter>
    </ClInclude>
    <ClInclude Include="Core\Crypto\CWCServerUDPCipher.h">
      <Filter>Core\Crypto</Filter>
    </ClInclude>
    <ClInclude Include="Core\Crypto\CWCClientUDPCipher.h">
      <Filter>Core\Crypto</Filter>
    </ClInclude>
    <ClInclude Include="Server\Streams\Frpg2ReliableUdpFragment.h">
      <Filter>Server\Streams</Filter>
    </ClInclude>
    <ClInclude Include="Server\Streams\Frpg2ReliableUdpFragmentStream.h">
      <Filter>Server\Streams</Filter>
    </ClInclude>
    <ClInclude Include="Core\Utils\Compression.h">
      <Filter>Core\Utils</Filter>
    </ClInclude>
    <ClInclude Include="Server\Streams\Frpg2ReliableUdpMessage.h">
      <Filter>Server\Streams</Filter>
    </ClInclude>
    <ClInclude Include="Server\Streams\Frpg2ReliableUdpMessageStream.h">
      <Filter>Server\Streams</Filter>
    </ClInclude>
    <ClInclude Include="Server\GameService\GameManager.h">
      <Filter>Server\GameService</Filter>
    </ClInclude>
    <ClInclude Include="Server\GameService\GameManagers\PlayerData\PlayerDataManager.h">
      <Filter>Server\GameService\GameManagers\PlayerData</Filter>
    </ClInclude>
    <ClInclude Include="Server\GameService\GameManagers\Boot\BootManager.h">
      <Filter>Server\GameService\GameManagers\Boot</Filter>
    </ClInclude>
    <ClInclude Include="Server\GameService\GameManagers\Logging\LoggingManager.h">
      <Filter>Server\GameService\GameManagers\Logging</Filter>
    </ClInclude>
    <ClInclude Include="Server\GameService\GameManagers\BloodMessage\BloodMessageManager.h">
      <Filter>Server\GameService\GameManagers\BloodMessage</Filter>
    </ClInclude>
    <ClInclude Include="Server\GameService\Utils\GameIds.h">
      <Filter>Server\GameService\Utils</Filter>
    </ClInclude>
    <ClInclude Include="Core\Utils\Enum.h">
      <Filter>Core\Utils</Filter>
    </ClInclude>
    <ClInclude Include="Server\GameService\PlayerState.h">
      <Filter>Server\GameService</Filter>
    </ClInclude>
    <ClInclude Include="Server\Database\ServerDatabase.h">
      <Filter>Server\Database</Filter>
    </ClInclude>
    <ClInclude Include="Server\GameService\GameManagers\Bloodstain\BloodstainManager.h">
      <Filter>Server\GameService\GameManagers\Bloodstain</Filter>
    </ClInclude>
    <ClInclude Include="Server\GameService\GameManagers\Signs\SignManager.h">
      <Filter>Server\GameService\GameManagers\Signs</Filter>
    </ClInclude>
    <ClInclude Include="Server\GameService\GameManagers\Ghosts\GhostManager.h">
      <Filter>Server\GameService\GameManagers\Ghosts</Filter>
    </ClInclude>
    <ClInclude Include="Server\GameService\GameManagers\Ranking\RankingManager.h">
      <Filter>Server\GameService\GameManagers\Ranking</Filter>
    </ClInclude>
    <ClInclude Include="Server\GameService\GameManagers\QuickMatch\QuickMatchManager.h">
      <Filter>Server\GameService\GameManagers\QuickMatch</Filter>
    </ClInclude>
    <ClInclude Include="Server\GameService\GameManagers\BreakIn\BreakInManager.h">
      <Filter>Server\GameService\GameManagers\BreakIn</Filter>
    </ClInclude>
    <ClInclude Include="Server\GameService\GameManagers\Visitor\VisitorManager.h">
      <Filter>Server\GameService\GameManagers\Visitor</Filter>
    </ClInclude>
    <ClInclude Include="Server\GameService\GameManagers\Mark\MarkManager.h">
      <Filter>Server\GameService\GameManagers\Mark</Filter>
    </ClInclude>
    <ClInclude Include="Server\GameService\GameManagers\Misc\MiscManager.h">
      <Filter>Server\GameService\GameManagers\Misc</Filter>
    </ClInclude>
    <ClInclude Include="Server\GameService\Utils\OnlineAreaPool.h">
      <Filter>Server\GameService\Utils</Filter>
    </ClInclude>
    <ClInclude Include="Server\Database\DatabaseTypes.h">
      <Filter>Server\Database</Filter>
    </ClInclude>
    <ClInclude Include="resource.h">
      <Filter>Resources</Filter>
    </ClInclude>
    <ClInclude Include="Protobuf\Protobufs.h">
      <Filter>Protobuf</Filter>
    </ClInclude>
    <ClInclude Include="Core\Network\NetHttpRequest.h">
      <Filter>Core\Network</Filter>
    </ClInclude>
    <ClInclude Include="Core\Network\NetUtils.h">
      <Filter>Core\Network</Filter>
    </ClInclude>
    <ClInclude Include="Core\Network\NetIPAddress.h">
      <Filter>Core\Network</Filter>
    </ClInclude>
    <ClInclude Include="Client\Client.h">
      <Filter>Client</Filter>
    </ClInclude>
  </ItemGroup>
  <ItemGroup>
    <ClCompile Include="Server\Server.cpp">
      <Filter>Server</Filter>
    </ClCompile>
    <ClCompile Include="Entry.cpp" />
    <ClCompile Include="Platform\Win32\Win32Platform.cpp">
      <Filter>Platform\Win32</Filter>
    </ClCompile>
    <ClCompile Include="Core\Utils\Logging.cpp">
      <Filter>Core\Utils</Filter>
    </ClCompile>
    <ClCompile Include="Server\LoginService\LoginService.cpp">
      <Filter>Server\LoginService</Filter>
    </ClCompile>
    <ClCompile Include="Core\Network\NetConnectionTCP.cpp">
      <Filter>Core\Network</Filter>
    </ClCompile>
    <ClCompile Include="Server\Streams\Frpg2MessageStream.cpp">
      <Filter>Server\Streams</Filter>
    </ClCompile>
    <ClCompile Include="Server\Streams\Frpg2PacketStream.cpp">
      <Filter>Server\Streams</Filter>
    </ClCompile>
    <ClCompile Include="Server\LoginService\LoginClient.cpp">
      <Filter>Server\LoginService</Filter>
    </ClCompile>
    <ClCompile Include="Core\Utils\File.cpp">
      <Filter>Core\Utils</Filter>
    </ClCompile>
    <ClCompile Include="Core\Crypto\RSAKeyPair.cpp">
      <Filter>Core\Crypto</Filter>
    </ClCompile>
    <ClCompile Include="Server\AuthService\AuthClient.cpp">
      <Filter>Server\AuthService</Filter>
    </ClCompile>
    <ClCompile Include="Server\AuthService\AuthService.cpp">
      <Filter>Server\AuthService</Filter>
    </ClCompile>
    <ClCompile Include="Core\Crypto\CWCCipher.cpp">
      <Filter>Core\Crypto</Filter>
    </ClCompile>
    <ClCompile Include="Core\Crypto\RSACipher.cpp">
      <Filter>Core\Crypto</Filter>
    </ClCompile>
    <ClCompile Include="Core\Utils\Random.cpp">
      <Filter>Core\Utils</Filter>
    </ClCompile>
    <ClCompile Include="Server\GameService\GameClient.cpp">
      <Filter>Server\GameService</Filter>
    </ClCompile>
    <ClCompile Include="Server\GameService\GameService.cpp">
      <Filter>Server\GameService</Filter>
    </ClCompile>
    <ClCompile Include="Core\Network\NetConnectionUDP.cpp">
      <Filter>Core\Network</Filter>
    </ClCompile>
    <ClCompile Include="Server\Streams\Frpg2UdpPacketStream.cpp">
      <Filter>Server\Streams</Filter>
    </ClCompile>
    <ClCompile Include="Core\Utils\Strings.cpp">
      <Filter>Core\Utils</Filter>
    </ClCompile>
    <ClCompile Include="Server\Streams\Frpg2ReliableUdpPacketStream.cpp">
      <Filter>Server\Streams</Filter>
    </ClCompile>
    <ClCompile Include="Core\Crypto\CWCServerUDPCipher.cpp">
      <Filter>Core\Crypto</Filter>
    </ClCompile>
    <ClCompile Include="Core\Crypto\CWCClientUDPCipher.cpp">
      <Filter>Core\Crypto</Filter>
    </ClCompile>
    <ClCompile Include="Server\Streams\Frpg2ReliableUdpFragmentStream.cpp">
      <Filter>Server\Streams</Filter>
    </ClCompile>
    <ClCompile Include="Core\Utils\Compression.cpp">
      <Filter>Core\Utils</Filter>
    </ClCompile>
    <ClCompile Include="Server\Streams\Frpg2ReliableUdpMessageStream.cpp">
      <Filter>Server\Streams</Filter>
    </ClCompile>
    <ClCompile Include="Server\Streams\Frpg2ReliableUdpMessage.cpp">
      <Filter>Server\Streams</Filter>
    </ClCompile>
    <ClCompile Include="Server\Streams\Frpg2ReliableUdpPacket.cpp">
      <Filter>Server\Streams</Filter>
    </ClCompile>
    <ClCompile Include="Config\RuntimeConfig.cpp">
      <Filter>Config</Filter>
    </ClCompile>
    <ClCompile Include="Server\GameService\GameManagers\PlayerData\PlayerDataManager.cpp">
      <Filter>Server\GameService\GameManagers\PlayerData</Filter>
    </ClCompile>
    <ClCompile Include="Server\GameService\GameManagers\Boot\BootManager.cpp">
      <Filter>Server\GameService\GameManagers\Boot</Filter>
    </ClCompile>
    <ClCompile Include="Server\GameService\GameManagers\Logging\LoggingManager.cpp">
      <Filter>Server\GameService\GameManagers\Logging</Filter>
    </ClCompile>
    <ClCompile Include="Server\GameService\GameManagers\BloodMessage\BloodMessageManager.cpp">
      <Filter>Server\GameService\GameManagers\BloodMessage</Filter>
    </ClCompile>
    <ClCompile Include="Server\Database\ServerDatabase.cpp">
      <Filter>Server\Database</Filter>
    </ClCompile>
    <ClCompile Include="Server\GameService\GameManagers\Bloodstain\BloodstainManager.cpp">
      <Filter>Server\GameService\GameManagers\Bloodstain</Filter>
    </ClCompile>
    <ClCompile Include="Server\GameService\GameManagers\Signs\SignManager.cpp">
      <Filter>Server\GameService\GameManagers\Signs</Filter>
    </ClCompile>
    <ClCompile Include="Server\GameService\GameManagers\Ghosts\GhostManager.cpp">
      <Filter>Server\GameService\GameManagers\Ghosts</Filter>
    </ClCompile>
    <ClCompile Include="Server\GameService\GameManagers\Ranking\RankingManager.cpp">
      <Filter>Server\GameService\GameManagers\Ranking</Filter>
    </ClCompile>
    <ClCompile Include="Server\GameService\GameManagers\QuickMatch\QuickMatchManager.cpp">
      <Filter>Server\GameService\GameManagers\QuickMatch</Filter>
    </ClCompile>
    <ClCompile Include="Server\GameService\GameManagers\BreakIn\BreakInManager.cpp">
      <Filter>Server\GameService\GameManagers\BreakIn</Filter>
    </ClCompile>
    <ClCompile Include="Server\GameService\GameManagers\Visitor\VisitorManager.cpp">
      <Filter>Server\GameService\GameManagers\Visitor</Filter>
    </ClCompile>
    <ClCompile Include="Server\GameService\GameManagers\Mark\MarkManager.cpp">
      <Filter>Server\GameService\GameManagers\Mark</Filter>
    </ClCompile>
    <ClCompile Include="Server\GameService\GameManagers\Misc\MiscManager.cpp">
      <Filter>Server\GameService\GameManagers\Misc</Filter>
    </ClCompile>
    <ClCompile Include="Protobuf\FpdLogMessage.cc">
      <Filter>Protobuf</Filter>
    </ClCompile>
    <ClCompile Include="Protobuf\Frpg2PlayerData.cc">
      <Filter>Protobuf</Filter>
    </ClCompile>
    <ClCompile Include="Protobuf\Frpg2RequestMessage.cc">
      <Filter>Protobuf</Filter>
    </ClCompile>
    <ClCompile Include="Core\Network\NetHttpRequest.cpp">
      <Filter>Core\Network</Filter>
    </ClCompile>
    <ClCompile Include="Core\Network\NetUtils.cpp">
      <Filter>Core\Network</Filter>
    </ClCompile>
    <ClCompile Include="Client\Client.cpp">
      <Filter>Client</Filter>
    </ClCompile>
  </ItemGroup>
  <ItemGroup>
    <None Include="Directory.Build.props" />
    <None Include="Directory.Build.Cpp.props" />
    <None Include="vcpkg.json" />
    <None Include="Server\Streams\Frpg2ReliableUdpMessageTypes.inc">
      <Filter>Server\Streams</Filter>
    </None>
    <None Include="Core\Utils\EnumDef.inc">
      <Filter>Core\Utils</Filter>
    </None>
    <None Include="Server\GameService\Utils\Ids\BonfireId.inc">
      <Filter>Server\GameService\Utils\Ids</Filter>
    </None>
    <None Include="Server\GameService\Utils\Ids\CharacterTypeId.inc">
      <Filter>Server\GameService\Utils\Ids</Filter>
    </None>
    <None Include="Server\GameService\Utils\Ids\CovenantId.inc">
      <Filter>Server\GameService\Utils\Ids</Filter>
    </None>
    <None Include="Server\GameService\Utils\Ids\GestureId.inc">
      <Filter>Server\GameService\Utils\Ids</Filter>
    </None>
    <None Include="Server\GameService\Utils\Ids\InvasionTypeId.inc">
      <Filter>Server\GameService\Utils\Ids</Filter>
    </None>
    <None Include="Server\GameService\Utils\Ids\ItemId.inc">
      <Filter>Server\GameService\Utils\Ids</Filter>
    </None>
    <None Include="Server\GameService\Utils\Ids\OnlineAreaId.inc">
      <Filter>Server\GameService\Utils\Ids</Filter>
    </None>
    <None Include="Server\GameService\Utils\Ids\TeamTypeId.inc">
      <Filter>Server\GameService\Utils\Ids</Filter>
    </None>
  </ItemGroup>
  <ItemGroup>
    <Text Include="Server\Streams\ReadMe.txt">
      <Filter>Server\Streams</Filter>
    </Text>
  </ItemGroup>
  <ItemGroup>
    <ResourceCompile Include="Resource.rc">
      <Filter>Resources</Filter>
    </ResourceCompile>
  </ItemGroup>
  <ItemGroup>
    <Image Include="..\..\Resources\icon.png" />
    <Image Include="..\..\Resources\icon.ico" />
  </ItemGroup>
</Project>